{
  "name": "@oat-sa/tao-testqti-previewer",
  "version": "1.0.0",
  "lockfileVersion": 1,
  "requires": true,
  "dependencies": {
    "@oat-sa-private/tao-item-runner-qtinui": {
      "version": "0.18.0",
      "resolved": "https://registry.npmjs.org/@oat-sa-private/tao-item-runner-qtinui/-/tao-item-runner-qtinui-0.18.0.tgz",
      "integrity": "sha512-zADxy15qBkub91WCM8ZFQz3+hH1Ky8ZnRR6df31xY94FWfrkRVYSTTjBCHNncCK5wSZ2UTlHOVxZ9vXjsoVFBA==",
      "requires": {
        "@oat-sa-private/ui-components": "^2.20.0",
        "@oat-sa-private/ui-core": "^0.11.0",
        "@oat-sa-private/ui-elements": "^4.6.1",
        "@oat-sa-private/ui-identity": "^3.6.4",
        "@oat-sa/tao-core-sdk": "^1.4.1",
        "@oat-sa/tao-item-runner": "^0.5.0",
        "lodash": "^2.4.1",
        "mathjax": "^3.0.5"
      }
    },
    "@oat-sa-private/tao-test-runner-qtinui": {
      "version": "1.10.4",
      "resolved": "https://registry.npmjs.org/@oat-sa-private/tao-test-runner-qtinui/-/tao-test-runner-qtinui-1.10.4.tgz",
      "integrity": "sha512-jpmOwnAMrOwA5WK0TCXuyk/5lGaarFM3C5f2d0nOfNXbgReDrqnD2+OYzXBUP2xngTSVTpjVVeqUoSN8RxpFxw==",
      "requires": {
        "@oat-sa-private/tao-item-runner-qtinui": "^0.18.0",
        "@oat-sa-private/ui-components": "^2.20.0",
        "@oat-sa-private/ui-core": "^0.11.0",
        "@oat-sa-private/ui-elements": "^4.6.1",
        "@oat-sa-private/ui-identity": "^3.6.4",
        "@oat-sa/tao-core-libs": "^0.4.2",
        "@oat-sa/tao-core-sdk": "^1.4.1",
        "@oat-sa/tao-core-ui": "^1.4.0",
        "@oat-sa/tao-test-runner": "^0.8.0",
        "async": "0.2.10",
        "jquery": "^2.0.0",
        "lodash": "2.4.1",
        "resize-observer-polyfill": "^1.5.1"
      },
      "dependencies": {
        "lodash": {
          "version": "2.4.1",
          "resolved": "https://registry.npmjs.org/lodash/-/lodash-2.4.1.tgz",
          "integrity": "sha1-W3cjA03aTSYuWkb7LFjXzCL3FCA="
        }
      }
    },
    "@oat-sa-private/ui-components": {
      "version": "2.20.0",
      "resolved": "https://registry.npmjs.org/@oat-sa-private/ui-components/-/ui-components-2.20.0.tgz",
      "integrity": "sha512-gNPki9vBxkb2noTP+WS9W6pFTn783LsWHb2pTRWvlE+EzdLSXHgf+02ivYm8DsMjsGWjrbNP3oREaPKNvpeBTw==",
      "requires": {
        "@oat-sa-private/ui-core": "^0.11.0",
        "@oat-sa-private/ui-elements": "^4.6.1",
        "@oat-sa-private/ui-identity": "^3.6.4",
        "flatpickr": "^4.6.3",
        "mime-db": "^1.44.0"
      }
    },
    "@oat-sa-private/ui-core": {
      "version": "0.11.0",
      "resolved": "https://registry.npmjs.org/@oat-sa-private/ui-core/-/ui-core-0.11.0.tgz",
      "integrity": "sha512-jvI+ugIGWyxCdazBykcPvC/bbB/LNJuknC8ZZQQlh8ZhVYVLE6EdVVr0bu19gt6FvKAVFxw3P9NsbGunVifTEA==",
      "requires": {
        "@oat-sa/focus-visible": "^5.1.2",
        "custom-event-polyfill": "^1.0.7",
        "intersection-observer": "^0.7.0"
      }
    },
    "@oat-sa-private/ui-elements": {
      "version": "4.6.2",
      "resolved": "https://registry.npmjs.org/@oat-sa-private/ui-elements/-/ui-elements-4.6.2.tgz",
      "integrity": "sha512-kmY1/mLN89qwOh/GKmBSzEv8zySwvSNmr02zTI+ff/BB43/gJK/ik7Ydxc/T6QwEbBderrsJo+0VdEyt9fLK5w==",
      "requires": {
        "@oat-sa-private/ui-core": "^0.12.0",
        "@oat-sa-private/ui-identity": "^3.6.5",
        "lodash": "2.4.1"
      },
      "dependencies": {
        "@oat-sa-private/ui-core": {
          "version": "0.12.0",
          "resolved": "https://registry.npmjs.org/@oat-sa-private/ui-core/-/ui-core-0.12.0.tgz",
          "integrity": "sha512-zlim8xKHXysfvPEAsH7RiaEi5SPKX6GhLVOrqfPz7dtndzqOxPfRV6OhENOWKgVEn+d1Jy8RQEkQ4inhPk5+YQ==",
          "requires": {
            "@oat-sa/focus-visible": "^5.1.2",
            "@shopify/draggable": "^1.0.0-beta.8",
            "custom-event-polyfill": "^1.0.7",
            "intersection-observer": "^0.7.0"
          }
        },
        "lodash": {
          "version": "2.4.1",
          "resolved": "https://registry.npmjs.org/lodash/-/lodash-2.4.1.tgz",
          "integrity": "sha1-W3cjA03aTSYuWkb7LFjXzCL3FCA="
        }
      }
    },
    "@oat-sa-private/ui-identity": {
      "version": "3.6.5",
      "resolved": "https://registry.npmjs.org/@oat-sa-private/ui-identity/-/ui-identity-3.6.5.tgz",
      "integrity": "sha512-AFDsFgj0jcG3naHhT7O5brrlMNuP/ton/8HRdTWUe7VzhwFcNRRgFoGo23np3q8k4G1vtkzJP1bmnNx4MX+7WQ==",
      "requires": {
        "@oat-sa-private/ui-core": "^0.12.0"
      },
      "dependencies": {
        "@oat-sa-private/ui-core": {
          "version": "0.12.0",
          "resolved": "https://registry.npmjs.org/@oat-sa-private/ui-core/-/ui-core-0.12.0.tgz",
          "integrity": "sha512-zlim8xKHXysfvPEAsH7RiaEi5SPKX6GhLVOrqfPz7dtndzqOxPfRV6OhENOWKgVEn+d1Jy8RQEkQ4inhPk5+YQ==",
          "requires": {
            "@oat-sa/focus-visible": "^5.1.2",
            "@shopify/draggable": "^1.0.0-beta.8",
            "custom-event-polyfill": "^1.0.7",
            "intersection-observer": "^0.7.0"
          }
        }
      }
    },
    "@oat-sa/focus-visible": {
      "version": "5.1.2",
      "resolved": "https://registry.npmjs.org/@oat-sa/focus-visible/-/focus-visible-5.1.2.tgz",
      "integrity": "sha512-yaq2lyiLzE7pete3muUVjdLOZaG2xY5MV//utrakJUKEsKICCX96RAf/QRGFW0tJqFRmv0jCnJzaxQ/0A3ag3w=="
    },
    "@oat-sa/tao-core-libs": {
      "version": "0.4.2",
      "resolved": "https://registry.npmjs.org/@oat-sa/tao-core-libs/-/tao-core-libs-0.4.2.tgz",
      "integrity": "sha512-XZhhEtGsrEctcr4ZEuTop1N96IRV8iWNTA2Ffvk83n7GDqSYZpLePkFK1VFxPKc1HlLEoXzx+YLQotq4UJQjvQ=="
    },
    "@oat-sa/tao-core-sdk": {
      "version": "1.4.1",
      "resolved": "https://registry.npmjs.org/@oat-sa/tao-core-sdk/-/tao-core-sdk-1.4.1.tgz",
      "integrity": "sha512-apK+0tWKLVCN4Ezb6RGnPLOLptSZRclN4cGVpIBz5yfDgv6PGdyvXhC74OhlpTOx6+R0UlJQ3qrMyXKxqSZf6w==",
      "requires": {
        "fastestsmallesttextencoderdecoder": "^1.0.14",
        "idb-wrapper": "1.7.0",
        "webcrypto-shim": "0.1.4"
      }
    },
    "@oat-sa/tao-core-ui": {
      "version": "1.6.0",
      "resolved": "https://registry.npmjs.org/@oat-sa/tao-core-ui/-/tao-core-ui-1.6.0.tgz",
      "integrity": "sha512-kh2iP4c0QpNwhXrdN4UBVd1B3ej+xz0KsxSnprMWJ8wEFv6EhkWebOhPpStRzzTUNUQOrj9jlacKcgvcEeSJ4Q=="
    },
    "@oat-sa/tao-item-runner": {
      "version": "0.5.0",
      "resolved": "https://registry.npmjs.org/@oat-sa/tao-item-runner/-/tao-item-runner-0.5.0.tgz",
      "integrity": "sha512-9UWg7O2bFdMOUiMXIWfOriW3qPwCMwaSVe8eptiQbzr154HqxQtyV89dO1+7L6lCeHV1KjXjmAdtCeGoLXnX7w=="
    },
    "@oat-sa/tao-test-runner": {
      "version": "0.8.0",
      "resolved": "https://registry.npmjs.org/@oat-sa/tao-test-runner/-/tao-test-runner-0.8.0.tgz",
      "integrity": "sha512-285Egik8KVlcJu9XJNYUEwEdQtQQYT5bXOVhcJAwnvyEiUbkiUZE0gNrg81LUZo+qpeaOmtzplHRhk3jxKyJWg=="
    },
    "@shopify/draggable": {
      "version": "1.0.0-beta.8",
      "resolved": "https://registry.npmjs.org/@shopify/draggable/-/draggable-1.0.0-beta.8.tgz",
      "integrity": "sha512-9IeBPQM93Ad4qFKUopwuTClzoST/1OId4MaSd/8FB5ScCL2tl25UaOGNR8E2hjiL7xK4LN5+I1Ews6amS7YAiA=="
    },
    "async": {
      "version": "0.2.10",
      "resolved": "https://registry.npmjs.org/async/-/async-0.2.10.tgz",
      "integrity": "sha1-trvgsGdLnXGXCMo43owjfLUmw9E="
    },
    "custom-event-polyfill": {
      "version": "1.0.7",
      "resolved": "https://registry.npmjs.org/custom-event-polyfill/-/custom-event-polyfill-1.0.7.tgz",
      "integrity": "sha512-TDDkd5DkaZxZFM8p+1I3yAlvM3rSr1wbrOliG4yJiwinMZN8z/iGL7BTlDkrJcYTmgUSb4ywVCc3ZaUtOtC76w=="
    },
    "fastestsmallesttextencoderdecoder": {
      "version": "1.0.22",
      "resolved": "https://registry.npmjs.org/fastestsmallesttextencoderdecoder/-/fastestsmallesttextencoderdecoder-1.0.22.tgz",
      "integrity": "sha512-Pb8d48e+oIuY4MaM64Cd7OW1gt4nxCHs7/ddPPZ/Ic3sg8yVGM7O9wDvZ7us6ScaUupzM+pfBolwtYhN1IxBIw=="
    },
    "flatpickr": {
      "version": "4.6.3",
      "resolved": "https://registry.npmjs.org/flatpickr/-/flatpickr-4.6.3.tgz",
      "integrity": "sha512-007VucCkqNOMMb9ggRLNuJowwaJcyOh4sKAFcdGfahfGc7JQbf94zSzjdBq/wVyHWUEs5o3+idhFZ0wbZMRmVQ=="
    },
    "idb-wrapper": {
      "version": "1.7.0",
      "resolved": "https://registry.npmjs.org/idb-wrapper/-/idb-wrapper-1.7.0.tgz",
      "integrity": "sha1-Cn+yxw4OF3+RGOZHPGdTVrXmKD4="
    },
    "intersection-observer": {
      "version": "0.7.0",
      "resolved": "https://registry.npmjs.org/intersection-observer/-/intersection-observer-0.7.0.tgz",
      "integrity": "sha512-Id0Fij0HsB/vKWGeBe9PxeY45ttRiBmhFyyt/geBdDHBYNctMRTE3dC1U3ujzz3lap+hVXlEcVaB56kZP/eEUg=="
    },
    "jquery": {
      "version": "2.2.4",
      "resolved": "https://registry.npmjs.org/jquery/-/jquery-2.2.4.tgz",
      "integrity": "sha1-LInWiJterFIqfuoywUUhVZxsvwI="
    },
    "lodash": {
      "version": "2.4.2",
      "resolved": "https://registry.npmjs.org/lodash/-/lodash-2.4.2.tgz",
      "integrity": "sha1-+t2DS5aDBz2hebPq5tnA0VBT9z4="
    },
    "mathjax": {
      "version": "3.0.5",
      "resolved": "https://registry.npmjs.org/mathjax/-/mathjax-3.0.5.tgz",
      "integrity": "sha512-9M7VulhltkD8sIebWutK/VfAD+m+6BIFqfpjDh9Pz/etoKUtjO6UMnOhUcDmNl6iApE8C9xrUmaMyNZkZAlrMw=="
    },
    "mime-db": {
      "version": "1.44.0",
      "resolved": "https://registry.npmjs.org/mime-db/-/mime-db-1.44.0.tgz",
      "integrity": "sha512-/NOTfLrsPBVeH7YtFPgsVWveuL+4SjjYxaQ1xtM1KMFj7HdxlBlxeyNLzhyJVx7r4rZGJAZ/6lkKCitSc/Nmpg=="
    },
    "resize-observer-polyfill": {
      "version": "1.5.1",
      "resolved": "https://registry.npmjs.org/resize-observer-polyfill/-/resize-observer-polyfill-1.5.1.tgz",
      "integrity": "sha512-LwZrotdHOo12nQuZlHEmtuXdqGoOD0OhaxopaNFxWzInpEgaLWoVuAMbTzixuosCx2nEG58ngzW3vxdWoxIgdg=="
    },
    "webcrypto-shim": {
      "version": "0.1.4",
      "resolved": "https://registry.npmjs.org/webcrypto-shim/-/webcrypto-shim-0.1.4.tgz",
      "integrity": "sha512-I2lnL+K2oPNE9ryVHwo42oDnt8XQ9E1KKMGCmcT7OXaAKPmUeCi/G0nUgLR6M6Ztj05ZCxLMGf5bXNaSo+wURg=="
    }
  }
}
